// !$*UTF8*$!
{
	archiveVersion = 1;
	classes = {
	};
	objectVersion = 50;
	objects = {

/* Begin PBXBuildFile section */
		A5CD380F224856C7001ADD61 /* AppDelegate.swift in Sources */ = {isa = PBXBuildFile; fileRef = A5CD380E224856C7001ADD61 /* AppDelegate.swift */; };
		A5CD3811224856C7001ADD61 /* ViewController.swift in Sources */ = {isa = PBXBuildFile; fileRef = A5CD3810224856C7001ADD61 /* ViewController.swift */; };
		A5CD3814224856C7001ADD61 /* Main.storyboard in Resources */ = {isa = PBXBuildFile; fileRef = A5CD3812224856C7001ADD61 /* Main.storyboard */; };
		A5CD3816224856CA001ADD61 /* Assets.xcassets in Resources */ = {isa = PBXBuildFile; fileRef = A5CD3815224856CA001ADD61 /* Assets.xcassets */; };
		A5CD3819224856CA001ADD61 /* LaunchScreen.storyboard in Resources */ = {isa = PBXBuildFile; fileRef = A5CD3817224856CA001ADD61 /* LaunchScreen.storyboard */; };
		A5CD3824224856CA001ADD61 /* TerranceHanlonTests.swift in Sources */ = {isa = PBXBuildFile; fileRef = A5CD3823224856CA001ADD61 /* TerranceHanlonTests.swift */; };
		A5CD382F224856CA001ADD61 /* TerranceHanlonUITests.swift in Sources */ = {isa = PBXBuildFile; fileRef = A5CD382E224856CA001ADD61 /* TerranceHanlonUITests.swift */; };
/* End PBXBuildFile section */

/* Begin PBXContainerItemProxy section */
		A5CD3820224856CA001ADD61 /* PBXContainerItemProxy */ = {
			isa = PBXContainerItemProxy;
			containerPortal = A5CD3803224856C6001ADD61 /* Project object */;
			proxyType = 1;
			remoteGlobalIDString = A5CD380A224856C7001ADD61;
			remoteInfo = TerranceHanlon;
		};
		A5CD382B224856CA001ADD61 /* PBXContainerItemProxy */ = {
			isa = PBXContainerItemProxy;
			containerPortal = A5CD3803224856C6001ADD61 /* Project object */;
			proxyType = 1;
			remoteGlobalIDString = A5CD380A224856C7001ADD61;
			remoteInfo = TerranceHanlon;
		};
/* End PBXContainerItemProxy section */

/* Begin PBXFileReference section */
		A5CD380B224856C7001ADD61 /* TerranceHanlon.app */ = {isa = PBXFileReference; explicitFileType = wrapper.application; includeInIndex = 0; path = TerranceHanlon.app; sourceTree = BUILT_PRODUCTS_DIR; };
		A5CD380E224856C7001ADD61 /* AppDelegate.swift */ = {isa = PBXFileReference; lastKnownFileType = sourcecode.swift; path = AppDelegate.swift; sourceTree = "<group>"; };
		A5CD3810224856C7001ADD61 /* ViewController.swift */ = {isa = PBXFileReference; lastKnownFileType = sourcecode.swift; path = ViewController.swift; sourceTree = "<group>"; };
		A5CD3813224856C7001ADD61 /* Base */ = {isa = PBXFileReference; lastKnownFileType = file.storyboard; name = Base; path = Base.lproj/Main.storyboard; sourceTree = "<group>"; };
		A5CD3815224856CA001ADD61 /* Assets.xcassets */ = {isa = PBXFileReference; lastKnownFileType = folder.assetcatalog; path = Assets.xcassets; sourceTree = "<group>"; };
		A5CD3818224856CA001ADD61 /* Base */ = {isa = PBXFileReference; lastKnownFileType = file.storyboard; name = Base; path = Base.lproj/LaunchScreen.storyboard; sourceTree = "<group>"; };
		A5CD381A224856CA001ADD61 /* Info.plist */ = {isa = PBXFileReference; lastKnownFileType = text.plist.xml; path = Info.plist; sourceTree = "<group>"; };
		A5CD381F224856CA001ADD61 /* TerranceHanlonTests.xctest */ = {isa = PBXFileReference; explicitFileType = wrapper.cfbundle; includeInIndex = 0; path = TerranceHanlonTests.xctest; sourceTree = BUILT_PRODUCTS_DIR; };
		A5CD3823224856CA001ADD61 /* TerranceHanlonTests.swift */ = {isa = PBXFileReference; lastKnownFileType = sourcecode.swift; path = TerranceHanlonTests.swift; sourceTree = "<group>"; };
		A5CD3825224856CA001ADD61 /* Info.plist */ = {isa = PBXFileReference; lastKnownFileType = text.plist.xml; path = Info.plist; sourceTree = "<group>"; };
		A5CD382A224856CA001ADD61 /* TerranceHanlonUITests.xctest */ = {isa = PBXFileReference; explicitFileType = wrapper.cfbundle; includeInIndex = 0; path = TerranceHanlonUITests.xctest; sourceTree = BUILT_PRODUCTS_DIR; };
		A5CD382E224856CA001ADD61 /* TerranceHanlonUITests.swift */ = {isa = PBXFileReference; lastKnownFileType = sourcecode.swift; path = TerranceHanlonUITests.swift; sourceTree = "<group>"; };
		A5CD3830224856CA001ADD61 /* Info.plist */ = {isa = PBXFileReference; lastKnownFileType = text.plist.xml; path = Info.plist; sourceTree = "<group>"; };
/* End PBXFileReference section */

/* Begin PBXFrameworksBuildPhase section */
		A5CD3808224856C7001ADD61 /* Frameworks */ = {
			isa = PBXFrameworksBuildPhase;
			buildActionMask = 2147483647;
			files = (
			);
			runOnlyForDeploymentPostprocessing = 0;
		};
		A5CD381C224856CA001ADD61 /* Frameworks */ = {
			isa = PBXFrameworksBuildPhase;
			buildActionMask = 2147483647;
			files = (
			);
			runOnlyForDeploymentPostprocessing = 0;
		};
		A5CD3827224856CA001ADD61 /* Frameworks */ = {
			isa = PBXFrameworksBuildPhase;
			buildActionMask = 2147483647;
			files = (
			);
			runOnlyForDeploymentPostprocessing = 0;
		};
/* End PBXFrameworksBuildPhase section */

/* Begin PBXGroup section */
		A5CD3802224856C6001ADD61 = {
			isa = PBXGroup;
			children = (
				A5CD380D224856C7001ADD61 /* TerranceHanlon */,
				A5CD3822224856CA001ADD61 /* TerranceHanlonTests */,
				A5CD382D224856CA001ADD61 /* TerranceHanlonUITests */,
				A5CD380C224856C7001ADD61 /* Products */,
			);
			sourceTree = "<group>";
		};
		A5CD380C224856C7001ADD61 /* Products */ = {
			isa = PBXGroup;
			children = (
				A5CD380B224856C7001ADD61 /* TerranceHanlon.app */,
				A5CD381F224856CA001ADD61 /* TerranceHanlonTests.xctest */,
				A5CD382A224856CA001ADD61 /* TerranceHanlonUITests.xctest */,
			);
			name = Products;
			sourceTree = "<group>";
		};
		A5CD380D224856C7001ADD61 /* TerranceHanlon */ = {
			isa = PBXGroup;
			children = (
				A5CD380E224856C7001ADD61 /* AppDelegate.swift */,
				A5CD3810224856C7001ADD61 /* ViewController.swift */,
				A5CD3812224856C7001ADD61 /* Main.storyboard */,
				A5CD3815224856CA001ADD61 /* Assets.xcassets */,
				A5CD3817224856CA001ADD61 /* LaunchScreen.storyboard */,
				A5CD381A224856CA001ADD61 /* Info.plist */,
			);
			path = TerranceHanlon;
			sourceTree = "<group>";
		};
		A5CD3822224856CA001ADD61 /* TerranceHanlonTests */ = {
			isa = PBXGroup;
			children = (
				A5CD3823224856CA001ADD61 /* TerranceHanlonTests.swift */,
				A5CD3825224856CA001ADD61 /* Info.plist */,
			);
			path = TerranceHanlonTests;
			sourceTree = "<group>";
		};
		A5CD382D224856CA001ADD61 /* TerranceHanlonUITests */ = {
			isa = PBXGroup;
			children = (
				A5CD382E224856CA001ADD61 /* TerranceHanlonUITests.swift */,
				A5CD3830224856CA001ADD61 /* Info.plist */,
			);
			path = TerranceHanlonUITests;
			sourceTree = "<group>";
		};
/* End PBXGroup section */

/* Begin PBXNativeTarget section */
		A5CD380A224856C7001ADD61 /* TerranceHanlon */ = {
			isa = PBXNativeTarget;
			buildConfigurationList = A5CD3833224856CA001ADD61 /* Build configuration list for PBXNativeTarget "TerranceHanlon" */;
			buildPhases = (
				A5CD3807224856C7001ADD61 /* Sources */,
				A5CD3808224856C7001ADD61 /* Frameworks */,
				A5CD3809224856C7001ADD61 /* Resources */,
			);
			buildRules = (
			);
			dependencies = (
			);
			name = TerranceHanlon;
			productName = TerranceHanlon;
			productReference = A5CD380B224856C7001ADD61 /* TerranceHanlon.app */;
			productType = "com.apple.product-type.application";
		};
		A5CD381E224856CA001ADD61 /* TerranceHanlonTests */ = {
			isa = PBXNativeTarget;
			buildConfigurationList = A5CD3836224856CA001ADD61 /* Build configuration list for PBXNativeTarget "TerranceHanlonTests" */;
			buildPhases = (
				A5CD381B224856CA001ADD61 /* Sources */,
				A5CD381C224856CA001ADD61 /* Frameworks */,
				A5CD381D224856CA001ADD61 /* Resources */,
			);
			buildRules = (
			);
			dependencies = (
				A5CD3821224856CA001ADD61 /* PBXTargetDependency */,
			);
			name = TerranceHanlonTests;
			productName = TerranceHanlonTests;
			productReference = A5CD381F224856CA001ADD61 /* TerranceHanlonTests.xctest */;
			productType = "com.apple.product-type.bundle.unit-test";
		};
		A5CD3829224856CA001ADD61 /* TerranceHanlonUITests */ = {
			isa = PBXNativeTarget;
			buildConfigurationList = A5CD3839224856CA001ADD61 /* Build configuration list for PBXNativeTarget "TerranceHanlonUITests" */;
			buildPhases = (
				A5CD3826224856CA001ADD61 /* Sources */,
				A5CD3827224856CA001ADD61 /* Frameworks */,
				A5CD3828224856CA001ADD61 /* Resources */,
			);
			buildRules = (
			);
			dependencies = (
				A5CD382C224856CA001ADD61 /* PBXTargetDependency */,
			);
			name = TerranceHanlonUITests;
			productName = TerranceHanlonUITests;
			productReference = A5CD382A224856CA001ADD61 /* TerranceHanlonUITests.xctest */;
			productType = "com.apple.product-type.bundle.ui-testing";
		};
/* End PBXNativeTarget section */

/* Begin PBXProject section */
		A5CD3803224856C6001ADD61 /* Project object */ = {
			isa = PBXProject;
			attributes = {
				LastSwiftUpdateCheck = 1010;
				LastUpgradeCheck = 1010;
				ORGANIZATIONNAME = TerranceNicholas;
				TargetAttributes = {
					A5CD380A224856C7001ADD61 = {
						CreatedOnToolsVersion = 10.1;
					};
					A5CD381E224856CA001ADD61 = {
						CreatedOnToolsVersion = 10.1;
						TestTargetID = A5CD380A224856C7001ADD61;
					};
					A5CD3829224856CA001ADD61 = {
						CreatedOnToolsVersion = 10.1;
						TestTargetID = A5CD380A224856C7001ADD61;
					};
				};
			};
			buildConfigurationList = A5CD3806224856C6001ADD61 /* Build configuration list for PBXProject "TerranceHanlon" */;
			compatibilityVersion = "Xcode 9.3";
			developmentRegion = en;
			hasScannedForEncodings = 0;
			knownRegions = (
				en,
				Base,
			);
			mainGroup = A5CD3802224856C6001ADD61;
			productRefGroup = A5CD380C224856C7001ADD61 /* Products */;
			projectDirPath = "";
			projectRoot = "";
			targets = (
				A5CD380A224856C7001ADD61 /* TerranceHanlon */,
				A5CD381E224856CA001ADD61 /* TerranceHanlonTests */,
				A5CD3829224856CA001ADD61 /* TerranceHanlonUITests */,
			);
		};
/* End PBXProject section */

/* Begin PBXResourcesBuildPhase section */
		A5CD3809224856C7001ADD61 /* Resources */ = {
			isa = PBXResourcesBuildPhase;
			buildActionMask = 2147483647;
			files = (
				A5CD3819224856CA001ADD61 /* LaunchScreen.storyboard in Resources */,
				A5CD3816224856CA001ADD61 /* Assets.xcassets in Resources */,
				A5CD3814224856C7001ADD61 /* Main.storyboard in Resources */,
			);
			runOnlyForDeploymentPostprocessing = 0;
		};
		A5CD381D224856CA001ADD61 /* Resources */ = {
			isa = PBXResourcesBuildPhase;
			buildActionMask = 2147483647;
			files = (
			);
			runOnlyForDeploymentPostprocessing = 0;
		};
		A5CD3828224856CA001ADD61 /* Resources */ = {
			isa = PBXResourcesBuildPhase;
			buildActionMask = 2147483647;
			files = (
			);
			runOnlyForDeploymentPostprocessing = 0;
		};
/* End PBXResourcesBuildPhase section */

/* Begin PBXSourcesBuildPhase section */
		A5CD3807224856C7001ADD61 /* Sources */ = {
			isa = PBXSourcesBuildPhase;
			buildActionMask = 2147483647;
			files = (
				A5CD3811224856C7001ADD61 /* ViewController.swift in Sources */,
				A5CD380F224856C7001ADD61 /* AppDelegate.swift in Sources */,
			);
			runOnlyForDeploymentPostprocessing = 0;
		};
		A5CD381B224856CA001ADD61 /* Sources */ = {
			isa = PBXSourcesBuildPhase;
			buildActionMask = 2147483647;
			files = (
				A5CD3824224856CA001ADD61 /* TerranceHanlonTests.swift in Sources */,
			);
			runOnlyForDeploymentPostprocessing = 0;
		};
		A5CD3826224856CA001ADD61 /* Sources */ = {
			isa = PBXSourcesBuildPhase;
			buildActionMask = 2147483647;
			files = (
				A5CD382F224856CA001ADD61 /* TerranceHanlonUITests.swift in Sources */,
			);
			runOnlyForDeploymentPostprocessing = 0;
		};
/* End PBXSourcesBuildPhase section */

/* Begin PBXTargetDependency section */
		A5CD3821224856CA001ADD61 /* PBXTargetDependency */ = {
			isa = PBXTargetDependency;
			target = A5CD380A224856C7001ADD61 /* TerranceHanlon */;
			targetProxy = A5CD3820224856CA001ADD61 /* PBXContainerItemProxy */;
		};
		A5CD382C224856CA001ADD61 /* PBXTargetDependency */ = {
			isa = PBXTargetDependency;
			target = A5CD380A224856C7001ADD61 /* TerranceHanlon */;
			targetProxy = A5CD382B224856CA001ADD61 /* PBXContainerItemProxy */;
		};
/* End PBXTargetDependency section */

/* Begin PBXVariantGroup section */
		A5CD3812224856C7001ADD61 /* Main.storyboard */ = {
			isa = PBXVariantGroup;
			children = (
				A5CD3813224856C7001ADD61 /* Base */,
			);
			name = Main.storyboard;
			sourceTree = "<group>";
		};
		A5CD3817224856CA001ADD61 /* LaunchScreen.storyboard */ = {
			isa = PBXVariantGroup;
			children = (
				A5CD3818224856CA001ADD61 /* Base */,
			);
			name = LaunchScreen.storyboard;
			sourceTree = "<group>";
		};
/* End PBXVariantGroup section */

/* Begin XCBuildConfiguration section */
		A5CD3831224856CA001ADD61 /* Debug */ = {
			isa = XCBuildConfiguration;
			buildSettings = {
				ALWAYS_SEARCH_USER_PATHS = NO;
				CLANG_ANALYZER_NONNULL = YES;
				CLANG_ANALYZER_NUMBER_OBJECT_CONVERSION = YES_AGGRESSIVE;
				CLANG_CXX_LANGUAGE_STANDARD = "gnu++14";
				CLANG_CXX_LIBRARY = "libc++";
				CLANG_ENABLE_MODULES = YES;
				CLANG_ENABLE_OBJC_ARC = YES;
				CLANG_ENABLE_OBJC_WEAK = YES;
				CLANG_WARN_BLOCK_CAPTURE_AUTORELEASING = YES;
				CLANG_WARN_BOOL_CONVERSION = YES;
				CLANG_WARN_COMMA = YES;
				CLANG_WARN_CONSTANT_CONVERSION = YES;
				CLANG_WARN_DEPRECATED_OBJC_IMPLEMENTATIONS = YES;
				CLANG_WARN_DIRECT_OBJC_ISA_USAGE = YES_ERROR;
				CLANG_WARN_DOCUMENTATION_COMMENTS = YES;
				CLANG_WARN_EMPTY_BODY = YES;
				CLANG_WARN_ENUM_CONVERSION = YES;
				CLANG_WARN_INFINITE_RECURSION = YES;
				CLANG_WARN_INT_CONVERSION = YES;
				CLANG_WARN_NON_LITERAL_NULL_CONVERSION = YES;
				CLANG_WARN_OBJC_IMPLICIT_RETAIN_SELF = YES;
				CLANG_WARN_OBJC_LITERAL_CONVERSION = YES;
				CLANG_WARN_OBJC_ROOT_CLASS = YES_ERROR;
				CLANG_WARN_RANGE_LOOP_ANALYSIS = YES;
				CLANG_WARN_STRICT_PROTOTYPES = YES;
				CLANG_WARN_SUSPICIOUS_MOVE = YES;
				CLANG_WARN_UNGUARDED_AVAILABILITY = YES_AGGRESSIVE;
				CLANG_WARN_UNREACHABLE_CODE = YES;
				CLANG_WARN__DUPLICATE_METHOD_MATCH = YES;
				CODE_SIGN_IDENTITY = "iPhone Developer";
				COPY_PHASE_STRIP = NO;
				DEBUG_INFORMATION_FORMAT = dwarf;
				ENABLE_STRICT_OBJC_MSGSEND = YES;
				ENABLE_TESTABILITY = YES;
				GCC_C_LANGUAGE_STANDARD = gnu11;
				GCC_DYNAMIC_NO_PIC = NO;
				GCC_NO_COMMON_BLOCKS = YES;
				GCC_OPTIMIZATION_LEVEL = 0;
				GCC_PREPROCESSOR_DEFINITIONS = (
					"DEBUG=1",
					"$(inherited)",
				);
				GCC_WARN_64_TO_32_BIT_CONVERSION = YES;
				GCC_WARN_ABOUT_RETURN_TYPE = YES_ERROR;
				GCC_WARN_UNDECLARED_SELECTOR = YES;
				GCC_WARN_UNINITIALIZED_AUTOS = YES_AGGRESSIVE;
				GCC_WARN_UNUSED_FUNCTION = YES;
				GCC_WARN_UNUSED_VARIABLE = YES;
				IPHONEOS_DEPLOYMENT_TARGET = 12.1;
				MTL_ENABLE_DEBUG_INFO = INCLUDE_SOURCE;
				MTL_FAST_MATH = YES;
				ONLY_ACTIVE_ARCH = YES;
				SDKROOT = iphoneos;
				SWIFT_ACTIVE_COMPILATION_CONDITIONS = DEBUG;
				SWIFT_OPTIMIZATION_LEVEL = "-Onone";
			};
			name = Debug;
		};
		A5CD3832224856CA001ADD61 /* Release */ = {
			isa = XCBuildConfiguration;
			buildSettings = {
				ALWAYS_SEARCH_USER_PATHS = NO;
				CLANG_ANALYZER_NONNULL = YES;
				CLANG_ANALYZER_NUMBER_OBJECT_CONVERSION = YES_AGGRESSIVE;
				CLANG_CXX_LANGUAGE_STANDARD = "gnu++14";
				CLANG_CXX_LIBRARY = "libc++";
				CLANG_ENABLE_MODULES = YES;
				CLANG_ENABLE_OBJC_ARC = YES;
				CLANG_ENABLE_OBJC_WEAK = YES;
				CLANG_WARN_BLOCK_CAPTURE_AUTORELEASING = YES;
				CLANG_WARN_BOOL_CONVERSION = YES;
				CLANG_WARN_COMMA = YES;
				CLANG_WARN_CONSTANT_CONVERSION = YES;
				CLANG_WARN_DEPRECATED_OBJC_IMPLEMENTATIONS = YES;
				CLANG_WARN_DIRECT_OBJC_ISA_USAGE = YES_ERROR;
				CLANG_WARN_DOCUMENTATION_COMMENTS = YES;
				CLANG_WARN_EMPTY_BODY = YES;
				CLANG_WARN_ENUM_CONVERSION = YES;
				CLANG_WARN_INFINITE_RECURSION = YES;
				CLANG_WARN_INT_CONVERSION = YES;
				CLANG_WARN_NON_LITERAL_NULL_CONVERSION = YES;
				CLANG_WARN_OBJC_IMPLICIT_RETAIN_SELF = YES;
				CLANG_WARN_OBJC_LITERAL_CONVERSION = YES;
				CLANG_WARN_OBJC_ROOT_CLASS = YES_ERROR;
				CLANG_WARN_RANGE_LOOP_ANALYSIS = YES;
				CLANG_WARN_STRICT_PROTOTYPES = YES;
				CLANG_WARN_SUSPICIOUS_MOVE = YES;
				CLANG_WARN_UNGUARDED_AVAILABILITY = YES_AGGRESSIVE;
				CLANG_WARN_UNREACHABLE_CODE = YES;
				CLANG_WARN__DUPLICATE_METHOD_MATCH = YES;
				CODE_SIGN_IDENTITY = "iPhone Developer";
				COPY_PHASE_STRIP = NO;
				DEBUG_INFORMATION_FORMAT = "dwarf-with-dsym";
				ENABLE_NS_ASSERTIONS = NO;
				ENABLE_STRICT_OBJC_MSGSEND = YES;
				GCC_C_LANGUAGE_STANDARD = gnu11;
				GCC_NO_COMMON_BLOCKS = YES;
				GCC_WARN_64_TO_32_BIT_CONVERSION = YES;
				GCC_WARN_ABOUT_RETURN_TYPE = YES_ERROR;
				GCC_WARN_UNDECLARED_SELECTOR = YES;
				GCC_WARN_UNINITIALIZED_AUTOS = YES_AGGRESSIVE;
				GCC_WARN_UNUSED_FUNCTION = YES;
				GCC_WARN_UNUSED_VARIABLE = YES;
				IPHONEOS_DEPLOYMENT_TARGET = 12.1;
				MTL_ENABLE_DEBUG_INFO = NO;
				MTL_FAST_MATH = YES;
				SDKROOT = iphoneos;
				SWIFT_COMPILATION_MODE = wholemodule;
				SWIFT_OPTIMIZATION_LEVEL = "-O";
				VALIDATE_PRODUCT = YES;
			};
			name = Release;
		};
		A5CD3834224856CA001ADD61 /* Debug */ = {
			isa = XCBuildConfiguration;
			buildSettings = {
				ASSETCATALOG_COMPILER_APPICON_NAME = AppIcon;
				CODE_SIGN_STYLE = Automatic;
				INFOPLIST_FILE = TerranceHanlon/Info.plist;
				LD_RUNPATH_SEARCH_PATHS = (
					"$(inherited)",
					"@executable_path/Frameworks",
				);
				PRODUCT_BUNDLE_IDENTIFIER = com.appconda.TerranceHanlon;
				PRODUCT_NAME = "$(TARGET_NAME)";
				SWIFT_VERSION = 4.2;
				TARGETED_DEVICE_FAMILY = "1,2";
			};
			name = Debug;
		};
		A5CD3835224856CA001ADD61 /* Release */ = {
			isa = XCBuildConfiguration;
			buildSettings = {
				ASSETCATALOG_COMPILER_APPICON_NAME = AppIcon;
				CODE_SIGN_STYLE = Automatic;
				INFOPLIST_FILE = TerranceHanlon/Info.plist;
				LD_RUNPATH_SEARCH_PATHS = (
					"$(inherited)",
					"@executable_path/Frameworks",
				);
				PRODUCT_BUNDLE_IDENTIFIER = com.appconda.TerranceHanlon;
				PRODUCT_NAME = "$(TARGET_NAME)";
				SWIFT_VERSION = 4.2;
				TARGETED_DEVICE_FAMILY = "1,2";
			};
			name = Release;
		};
		A5CD3837224856CA001ADD61 /* Debug */ = {
			isa = XCBuildConfiguration;
			buildSettings = {
				ALWAYS_EMBED_SWIFT_STANDARD_LIBRARIES = YES;
				BUNDLE_LOADER = "$(TEST_HOST)";
				CODE_SIGN_STYLE = Automatic;
				INFOPLIST_FILE = TerranceHanlonTests/Info.plist;
				LD_RUNPATH_SEARCH_PATHS = (
					"$(inherited)",
					"@executable_path/Frameworks",
					"@loader_path/Frameworks",
				);
				PRODUCT_BUNDLE_IDENTIFIER = com.appconda.TerranceHanlonTests;
				PRODUCT_NAME = "$(TARGET_NAME)";
				SWIFT_VERSION = 4.2;
				TARGETED_DEVICE_FAMILY = "1,2";
				TEST_HOST = "$(BUILT_PRODUCTS_DIR)/TerranceHanlon.app/TerranceHanlon";
			};
			name = Debug;
		};
		A5CD3838224856CA001ADD61 /* Release */ = {
			isa = XCBuildConfiguration;
			buildSettings = {
				ALWAYS_EMBED_SWIFT_STANDARD_LIBRARIES = YES;
				BUNDLE_LOADER = "$(TEST_HOST)";
				CODE_SIGN_STYLE = Automatic;
				INFOPLIST_FILE = TerranceHanlonTests/Info.plist;
				LD_RUNPATH_SEARCH_PATHS = (
					"$(inherited)",
					"@executable_path/Frameworks",
					"@loader_path/Frameworks",
				);
				PRODUCT_BUNDLE_IDENTIFIER = com.appconda.TerranceHanlonTests;
				PRODUCT_NAME = "$(TARGET_NAME)";
				SWIFT_VERSION = 4.2;
				TARGETED_DEVICE_FAMILY = "1,2";
				TEST_HOST = "$(BUILT_PRODUCTS_DIR)/TerranceHanlon.app/TerranceHanlon";
			};
			name = Release;
		};
		A5CD383A224856CA001ADD61 /* Debug */ = {
			isa = XCBuildConfiguration;
			buildSettings = {
				ALWAYS_EMBED_SWIFT_STANDARD_LIBRARIES = YES;
				CODE_SIGN_STYLE = Automatic;
				INFOPLIST_FILE = TerranceHanlonUITests/Info.plist;
				LD_RUNPATH_SEARCH_PATHS = (
					"$(inherited)",
					"@executable_path/Frameworks",
					"@loader_path/Frameworks",
				);
				PRODUCT_BUNDLE_IDENTIFIER = com.appconda.TerranceHanlonUITests;
				PRODUCT_NAME = "$(TARGET_NAME)";
				SWIFT_VERSION = 4.2;
				TARGETED_DEVICE_FAMILY = "1,2";
				TEST_TARGET_NAME = TerranceHanlon;
			};
			name = Debug;
		};
		A5CD383B224856CA001ADD61 /* Release */ = {
			isa = XCBuildConfiguration;
			buildSettings = {
				ALWAYS_EMBED_SWIFT_STANDARD_LIBRARIES = YES;
				CODE_SIGN_STYLE = Automatic;
				INFOPLIST_FILE = TerranceHanlonUITests/Info.plist;
				LD_RUNPATH_SEARCH_PATHS = (
					"$(inherited)",
					"@executable_path/Frameworks",
					"@loader_path/Frameworks",
				);
				PRODUCT_BUNDLE_IDENTIFIER = com.appconda.TerranceHanlonUITests;
				PRODUCT_NAME = "$(TARGET_NAME)";
				SWIFT_VERSION = 4.2;
				TARGETED_DEVICE_FAMILY = "1,2";
				TEST_TARGET_NAME = TerranceHanlon;
			};
			name = Release;
		};
/* End XCBuildConfiguration section */

/* Begin XCConfigurationList section */
		A5CD3806224856C6001ADD61 /* Build configuration list for PBXProject "TerranceHanlon" */ = {
			isa = XCConfigurationList;
			buildConfigurations = (
				A5CD3831224856CA001ADD61 /* Debug */,
				A5CD3832224856CA001ADD61 /* Release */,
			);
			defaultConfigurationIsVisible = 0;
			defaultConfigurationName = Release;
		};
		A5CD3833224856CA001ADD61 /* Build configuration list for PBXNativeTarget "TerranceHanlon" */ = {
			isa = XCConfigurationList;
			buildConfigurations = (
				A5CD3834224856CA001ADD61 /* Debug */,
				A5CD3835224856CA001ADD61 /* Release */,
			);
			defaultConfigurationIsVisible = 0;
			defaultConfigurationName = Release;
		};
		A5CD3836224856CA001ADD61 /* Build configuration list for PBXNativeTarget "TerranceHanlonTests" */ = {
			isa = XCConfigurationList;
			buildConfigurations = (
				A5CD3837224856CA001ADD61 /* Debug */,
				A5CD3838224856CA001ADD61 /* Release */,
			);
			defaultConfigurationIsVisible = 0;
			defaultConfigurationName = Release;
		};
		A5CD3839224856CA001ADD61 /* Build configuration list for PBXNativeTarget "TerranceHanlonUITests" */ = {
			isa = XCConfigurationList;
			buildConfigurations = (
				A5CD383A224856CA001ADD61 /* Debug */,
				A5CD383B224856CA001ADD61 /* Release */,
			);
			defaultConfigurationIsVisible = 0;
			defaultConfigurationName = Release;
		};
/* End XCConfigurationList section */
	};
	rootObject = A5CD3803224856C6001ADD61 /* Project object */;
}
